{
  "requires": true,
  "lockfileVersion": 1,
  "dependencies": {
    "@types/jquery": {
      "version": "3.3.29",
      "resolved": "https://registry.npmjs.org/@types/jquery/-/jquery-3.3.29.tgz",
      "integrity": "sha512-FhJvBninYD36v3k6c+bVk1DSZwh7B5Dpb/Pyk3HKVsiohn0nhbefZZ+3JXbWQhFyt0MxSl2jRDdGQPHeOHFXrQ==",
      "requires": {
        "@types/sizzle": "*"
      }
    },
    "@types/sizzle": {
      "version": "2.3.2",
      "resolved": "https://registry.npmjs.org/@types/sizzle/-/sizzle-2.3.2.tgz",
      "integrity": "sha512-7EJYyKTL7tFR8+gDbB6Wwz/arpGa0Mywk1TJbNzKzHtzbwVmY4HR9WqS5VV7dsBUKQmPNr192jHr/VpBluj/hg=="
    },
    "bootstrap": {
      "version": "file:bootstrap"
    },
    "clipboard": {
      "version": "2.0.4",
      "resolved": "https://registry.npmjs.org/clipboard/-/clipboard-2.0.4.tgz",
      "integrity": "sha512-Vw26VSLRpJfBofiVaFb/I8PVfdI1OxKcYShe6fm0sP/DtmiWQNCjhM/okTvdCo0G+lMMm1rMYbk4IK4x1X+kgQ==",
      "requires": {
        "good-listener": "^1.2.2",
        "select": "^1.1.2",
        "tiny-emitter": "^2.0.0"
      }
    },
    "clone": {
      "version": "1.0.4",
      "resolved": "https://registry.npmjs.org/clone/-/clone-1.0.4.tgz",
      "integrity": "sha1-2jCcwmPfFZlMaIypAheco8fNfH4="
    },
    "defaults": {
      "version": "1.0.3",
      "resolved": "https://registry.npmjs.org/defaults/-/defaults-1.0.3.tgz",
      "integrity": "sha1-xlYFHpgX2f8I7YgUd/P+QBnz730=",
      "requires": {
        "clone": "^1.0.2"
      }
    },
    "delegate": {
      "version": "3.2.0",
      "resolved": "https://registry.npmjs.org/delegate/-/delegate-3.2.0.tgz",
      "integrity": "sha512-IofjkYBZaZivn0V8nnsMJGBr4jVLxHDheKSW88PyxS5QC4Vo9ZbZVvhzlSxY87fVq3STR6r+4cGepyHkcWOQSw=="
    },
    "executioner": {
      "version": "2.0.1",
      "resolved": "https://registry.npmjs.org/executioner/-/executioner-2.0.1.tgz",
      "integrity": "sha1-rdMo4DvEXdWY81j7tSn8C+Dsb80=",
      "requires": {
        "mixly": "^1.0.0"
      }
    },
    "fulcon": {
      "version": "1.0.2",
      "resolved": "https://registry.npmjs.org/fulcon/-/fulcon-1.0.2.tgz",
      "integrity": "sha1-ik39pMc/zZzGKnnVBFw5K0VUcyA="
    },
    "good-listener": {
      "version": "1.2.2",
      "resolved": "https://registry.npmjs.org/good-listener/-/good-listener-1.2.2.tgz",
      "integrity": "sha1-1TswzfkxPf+33JoNR3CWqm0UXFA=",
      "requires": {
        "delegate": "^3.1.2"
      }
    },
    "install-peers": {
      "version": "1.0.3",
      "resolved": "https://registry.npmjs.org/install-peers/-/install-peers-1.0.3.tgz",
      "integrity": "sha512-MAlSHlrn4p+g3fhx8ZVxQZXX+MkeinKLu/ThfAmrVnN5c2L8Vof7myb0UsgowJEiGcFNHYnTvo37r3uap5asYA==",
      "requires": {
        "executioner": "^2.0.1"
      }
    },
    "jquery": {
      "version": "3.4.0",
      "resolved": "https://registry.npmjs.org/jquery/-/jquery-3.4.0.tgz",
      "integrity": "sha512-ggRCXln9zEqv6OqAGXFEcshF5dSBvCkzj6Gm2gzuR5fWawaX8t7cxKVkkygKODrDAzKdoYw3l/e3pm3vlT4IbQ=="
    },
    "jquery.terminal": {
      "version": "2.4.0",
      "resolved": "https://registry.npmjs.org/jquery.terminal/-/jquery.terminal-2.4.0.tgz",
      "integrity": "sha512-fXeK8aFOOgWQ/0Sk2UhmhgRqoeaIxZF8EDcaKIQX5EzYYTosVfLFvT9YvePOHlu60xGxbi0bHny1NiruSHSEMw==",
      "requires": {
        "@types/jquery": "^3.3.6",
        "jquery": "~3",
        "prismjs": "^1.15.0",
        "wcwidth": "^1.0.1"
      }
    },
    "mixly": {
      "version": "1.0.0",
      "resolved": "https://registry.npmjs.org/mixly/-/mixly-1.0.0.tgz",
      "integrity": "sha1-m1ouH2Pm37oNMOZ5f/rmKrHcJO8=",
      "requires": {
        "fulcon": "^1.0.1"
      }
    },
    "prismjs": {
      "version": "1.16.0",
      "resolved": "https://registry.npmjs.org/prismjs/-/prismjs-1.16.0.tgz",
      "integrity": "sha512-OA4MKxjFZHSvZcisLGe14THYsug/nF6O1f0pAJc0KN0wTyAcLqmsbE+lTGKSpyh+9pEW57+k6pg2AfYR+coyHA==",
      "requires": {
        "clipboard": "^2.0.0"
      }
    },
    "select": {
      "version": "1.1.2",
      "resolved": "https://registry.npmjs.org/select/-/select-1.1.2.tgz",
      "integrity": "sha1-DnNQrN7ICxEIUoeG7B1EGNEbOW0="
    },
    "tiny-emitter": {
      "version": "2.1.0",
      "resolved": "https://registry.npmjs.org/tiny-emitter/-/tiny-emitter-2.1.0.tgz",
      "integrity": "sha512-NB6Dk1A9xgQPMoGqC5CVXn123gWyte215ONT5Pp5a0yt4nlEoO1ZWeCwpncaekPHXO60i47ihFnZPiRPjRMq4Q=="
    },
    "wcwidth": {
      "version": "1.0.1",
      "resolved": "https://registry.npmjs.org/wcwidth/-/wcwidth-1.0.1.tgz",
      "integrity": "sha1-8LDc+RW8X/FSivrbLA4XtTLaL+g=",
      "requires": {
        "defaults": "^1.0.3"
      }
    }
  }
}
